
Microsoft Visual Studio Solution File, Format Version 12.00
# Visual Studio Version 17
VisualStudioVersion = 17.5.33502.453
MinimumVisualStudioVersion = 10.0.40219.1
Project("{FAE04EC0-301F-11D3-BF4B-00C04F79EFBC}") = "RewardsService", "RewardsService\RewardsService.csproj", "{AD71ACE7-B3BA-4868-8BF4-C03F999E1649}"
EndProject
Global
	GlobalSection(SolutionConfigurationPlatforms) = preSolution
		Debug|Any CPU = Debug|Any CPU
		Release|Any CPU = Release|Any CPU
	EndGlobalSection
	GlobalSection(ProjectConfigurationPlatforms) = postSolution
		{AD71ACE7-B3BA-4868-8BF4-C03F999E1649}.Debug|Any CPU.ActiveCfg = Debug|Any CPU
		{AD71ACE7-B3BA-4868-8BF4-C03F999E1649}.Debug|Any CPU.Build.0 = Debug|Any CPU
		{AD71ACE7-B3BA-4868-8BF4-C03F999E1649}.Release|Any CPU.ActiveCfg = Release|Any CPU
		{AD71ACE7-B3BA-4868-8BF4-C03F999E1649}.Release|Any CPU.Build.0 = Release|Any CPU
	EndGlobalSection
	GlobalSection(SolutionProperties) = preSolution
		HideSolutionNode = FALSE
	EndGlobalSection
	GlobalSection(ExtensibilityGlobals) = postSolution
		SolutionGuid = {0E504CE0-6E79-4CC8-AF05-6968743B7EF1}
	EndGlobalSection
EndGlobal
